// !$*UTF8*$!
{
	archiveVersion = 1;
	classes = {
	};
	objectVersion = 46;
	objects = {

/* Begin PBXBuildFile section */
		B51E7A111E8C96140064848B /* Colors.swift in Sources */ = {isa = PBXBuildFile; fileRef = B51E7A101E8C96140064848B /* Colors.swift */; };
		B51E7A141E8CA0180064848B /* Key.swift in Sources */ = {isa = PBXBuildFile; fileRef = B51E7A131E8CA0180064848B /* Key.swift */; };
		B57334871E906ACB008CEAC0 /* Pacifico-Regular.ttf in Resources */ = {isa = PBXBuildFile; fileRef = B57334861E906ACB008CEAC0 /* Pacifico-Regular.ttf */; };
		B57ECC441E8B38370087AAF1 /* AppDelegate.swift in Sources */ = {isa = PBXBuildFile; fileRef = B57ECC431E8B38370087AAF1 /* AppDelegate.swift */; };
		B57ECC461E8B38370087AAF1 /* ViewController.swift in Sources */ = {isa = PBXBuildFile; fileRef = B57ECC451E8B38370087AAF1 /* ViewController.swift */; };
		B57ECC491E8B38370087AAF1 /* Main.storyboard in Resources */ = {isa = PBXBuildFile; fileRef = B57ECC471E8B38370087AAF1 /* Main.storyboard */; };
		B57ECC4B1E8B38370087AAF1 /* Assets.xcassets in Resources */ = {isa = PBXBuildFile; fileRef = B57ECC4A1E8B38370087AAF1 /* Assets.xcassets */; };
		B57ECC4E1E8B38370087AAF1 /* LaunchScreen.storyboard in Resources */ = {isa = PBXBuildFile; fileRef = B57ECC4C1E8B38370087AAF1 /* LaunchScreen.storyboard */; };
		B5A908491E8FFF5000A20505 /* GeneratorBank.swift in Sources */ = {isa = PBXBuildFile; fileRef = B5A908481E8FFF5000A20505 /* GeneratorBank.swift */; };
		B5D255C61E8C2C9E0079CB0E /* Conductor.swift in Sources */ = {isa = PBXBuildFile; fileRef = B5D255C51E8C2C9E0079CB0E /* Conductor.swift */; };
		C0B89A62E8EA1B7CA546030B /* Pods_Simple_Synth.framework in Frameworks */ = {isa = PBXBuildFile; fileRef = F2D365B321DF67CB891E1AB3 /* Pods_Simple_Synth.framework */; };
/* End PBXBuildFile section */

/* Begin PBXFileReference section */
		8D573CBB5F8850799046751A /* Pods-Simple Synth.release.xcconfig */ = {isa = PBXFileReference; includeInIndex = 1; lastKnownFileType = text.xcconfig; name = "Pods-Simple Synth.release.xcconfig"; path = "Pods/Target Support Files/Pods-Simple Synth/Pods-Simple Synth.release.xcconfig"; sourceTree = "<group>"; };
		B51E7A101E8C96140064848B /* Colors.swift */ = {isa = PBXFileReference; fileEncoding = 4; lastKnownFileType = sourcecode.swift; path = Colors.swift; sourceTree = "<group>"; };
		B51E7A131E8CA0180064848B /* Key.swift */ = {isa = PBXFileReference; fileEncoding = 4; lastKnownFileType = sourcecode.swift; path = Key.swift; sourceTree = "<group>"; };
		B57334861E906ACB008CEAC0 /* Pacifico-Regular.ttf */ = {isa = PBXFileReference; lastKnownFileType = file; path = "Pacifico-Regular.ttf"; sourceTree = "<group>"; };
		B57ECC401E8B38370087AAF1 /* Simple Synth.app */ = {isa = PBXFileReference; explicitFileType = wrapper.application; includeInIndex = 0; path = "Simple Synth.app"; sourceTree = BUILT_PRODUCTS_DIR; };
		B57ECC431E8B38370087AAF1 /* AppDelegate.swift */ = {isa = PBXFileReference; lastKnownFileType = sourcecode.swift; path = AppDelegate.swift; sourceTree = "<group>"; };
		B57ECC451E8B38370087AAF1 /* ViewController.swift */ = {isa = PBXFileReference; lastKnownFileType = sourcecode.swift; path = ViewController.swift; sourceTree = "<group>"; };
		B57ECC481E8B38370087AAF1 /* Base */ = {isa = PBXFileReference; lastKnownFileType = file.storyboard; name = Base; path = Base.lproj/Main.storyboard; sourceTree = "<group>"; };
		B57ECC4A1E8B38370087AAF1 /* Assets.xcassets */ = {isa = PBXFileReference; lastKnownFileType = folder.assetcatalog; path = Assets.xcassets; sourceTree = "<group>"; };
		B57ECC4D1E8B38370087AAF1 /* Base */ = {isa = PBXFileReference; lastKnownFileType = file.storyboard; name = Base; path = Base.lproj/LaunchScreen.storyboard; sourceTree = "<group>"; };
		B57ECC4F1E8B38370087AAF1 /* Info.plist */ = {isa = PBXFileReference; lastKnownFileType = text.plist.xml; path = Info.plist; sourceTree = "<group>"; };
		B5A908481E8FFF5000A20505 /* GeneratorBank.swift */ = {isa = PBXFileReference; fileEncoding = 4; lastKnownFileType = sourcecode.swift; path = GeneratorBank.swift; sourceTree = "<group>"; };
		B5D255C51E8C2C9E0079CB0E /* Conductor.swift */ = {isa = PBXFileReference; fileEncoding = 4; lastKnownFileType = sourcecode.swift; path = Conductor.swift; sourceTree = "<group>"; };
		C2430570CC26FF51F2331BE6 /* Pods-Simple Synth.debug.xcconfig */ = {isa = PBXFileReference; includeInIndex = 1; lastKnownFileType = text.xcconfig; name = "Pods-Simple Synth.debug.xcconfig"; path = "Pods/Target Support Files/Pods-Simple Synth/Pods-Simple Synth.debug.xcconfig"; sourceTree = "<group>"; };
		F2D365B321DF67CB891E1AB3 /* Pods_Simple_Synth.framework */ = {isa = PBXFileReference; explicitFileType = wrapper.framework; includeInIndex = 0; path = Pods_Simple_Synth.framework; sourceTree = BUILT_PRODUCTS_DIR; };
/* End PBXFileReference section */

/* Begin PBXFrameworksBuildPhase section */
		B57ECC3D1E8B38370087AAF1 /* Frameworks */ = {
			isa = PBXFrameworksBuildPhase;
			buildActionMask = 2147483647;
			files = (
				C0B89A62E8EA1B7CA546030B /* Pods_Simple_Synth.framework in Frameworks */,
			);
			runOnlyForDeploymentPostprocessing = 0;
		};
/* End PBXFrameworksBuildPhase section */

/* Begin PBXGroup section */
		1D1AA3DFEEB0A10D08ABE766 /* Frameworks */ = {
			isa = PBXGroup;
			children = (
				F2D365B321DF67CB891E1AB3 /* Pods_Simple_Synth.framework */,
			);
			name = Frameworks;
			sourceTree = "<group>";
		};
		69E8172F07A3BB7E95E4DA94 /* Pods */ = {
			isa = PBXGroup;
			children = (
				C2430570CC26FF51F2331BE6 /* Pods-Simple Synth.debug.xcconfig */,
				8D573CBB5F8850799046751A /* Pods-Simple Synth.release.xcconfig */,
			);
			name = Pods;
			sourceTree = "<group>";
		};
		B51E7A0F1E8C96040064848B /* Library */ = {
			isa = PBXGroup;
			children = (
				B57334851E906AC4008CEAC0 /* fonts */,
				B51E7A101E8C96140064848B /* Colors.swift */,
			);
			name = Library;
			sourceTree = "<group>";
		};
		B51E7A121E8CA00A0064848B /* Components */ = {
			isa = PBXGroup;
			children = (
				B51E7A131E8CA0180064848B /* Key.swift */,
			);
			name = Components;
			sourceTree = "<group>";
		};
		B57334851E906AC4008CEAC0 /* fonts */ = {
			isa = PBXGroup;
			children = (
				B57334861E906ACB008CEAC0 /* Pacifico-Regular.ttf */,
			);
			name = fonts;
			path = ..;
			sourceTree = "<group>";
		};
		B57ECC371E8B38370087AAF1 = {
			isa = PBXGroup;
			children = (
				B57ECC421E8B38370087AAF1 /* Simple Synth */,
				B57ECC411E8B38370087AAF1 /* Products */,
				69E8172F07A3BB7E95E4DA94 /* Pods */,
				1D1AA3DFEEB0A10D08ABE766 /* Frameworks */,
			);
			sourceTree = "<group>";
		};
		B57ECC411E8B38370087AAF1 /* Products */ = {
			isa = PBXGroup;
			children = (
				B57ECC401E8B38370087AAF1 /* Simple Synth.app */,
			);
			name = Products;
			sourceTree = "<group>";
		};
		B57ECC421E8B38370087AAF1 /* Simple Synth */ = {
			isa = PBXGroup;
			children = (
				B51E7A121E8CA00A0064848B /* Components */,
				B51E7A0F1E8C96040064848B /* Library */,
				B5C91F551E8B51C9001BB06F /* Oscillators */,
				B57ECC431E8B38370087AAF1 /* AppDelegate.swift */,
				B57ECC451E8B38370087AAF1 /* ViewController.swift */,
				B57ECC471E8B38370087AAF1 /* Main.storyboard */,
				B57ECC4A1E8B38370087AAF1 /* Assets.xcassets */,
				B57ECC4C1E8B38370087AAF1 /* LaunchScreen.storyboard */,
				B57ECC4F1E8B38370087AAF1 /* Info.plist */,
			);
			path = "Simple Synth";
			sourceTree = "<group>";
		};
		B5C91F551E8B51C9001BB06F /* Oscillators */ = {
			isa = PBXGroup;
			children = (
				B5D255C51E8C2C9E0079CB0E /* Conductor.swift */,
				B5A908481E8FFF5000A20505 /* GeneratorBank.swift */,
			);
			name = Oscillators;
			sourceTree = "<group>";
		};
/* End PBXGroup section */

/* Begin PBXNativeTarget section */
		B57ECC3F1E8B38370087AAF1 /* Simple Synth */ = {
			isa = PBXNativeTarget;
			buildConfigurationList = B57ECC521E8B38370087AAF1 /* Build configuration list for PBXNativeTarget "Simple Synth" */;
			buildPhases = (
				CB7C24A776299113B979AE48 /* [CP] Check Pods Manifest.lock */,
				B57ECC3C1E8B38370087AAF1 /* Sources */,
				B57ECC3D1E8B38370087AAF1 /* Frameworks */,
				B57ECC3E1E8B38370087AAF1 /* Resources */,
				19DAF1FEE112D79DAC4D7744 /* [CP] Embed Pods Frameworks */,
				494BE8BF04B62DC4A3ECA787 /* [CP] Copy Pods Resources */,
			);
			buildRules = (
			);
			dependencies = (
			);
			name = "Simple Synth";
			productName = "Simple Synth";
			productReference = B57ECC401E8B38370087AAF1 /* Simple Synth.app */;
			productType = "com.apple.product-type.application";
		};
/* End PBXNativeTarget section */

/* Begin PBXProject section */
		B57ECC381E8B38370087AAF1 /* Project object */ = {
			isa = PBXProject;
			attributes = {
				LastSwiftUpdateCheck = 0820;
				LastUpgradeCheck = 0820;
				ORGANIZATIONNAME = "Burning Flowers";
				TargetAttributes = {
					B57ECC3F1E8B38370087AAF1 = {
						CreatedOnToolsVersion = 8.2.1;
						DevelopmentTeam = SRFS2YY3XR;
						ProvisioningStyle = Automatic;
					};
				};
			};
			buildConfigurationList = B57ECC3B1E8B38370087AAF1 /* Build configuration list for PBXProject "Simple Synth" */;
			compatibilityVersion = "Xcode 3.2";
			developmentRegion = English;
			hasScannedForEncodings = 0;
			knownRegions = (
				en,
				Base,
			);
			mainGroup = B57ECC371E8B38370087AAF1;
			productRefGroup = B57ECC411E8B38370087AAF1 /* Products */;
			projectDirPath = "";
			projectRoot = "";
			targets = (
				B57ECC3F1E8B38370087AAF1 /* Simple Synth */,
			);
		};
/* End PBXProject section */

/* Begin PBXResourcesBuildPhase section */
		B57ECC3E1E8B38370087AAF1 /* Resources */ = {
			isa = PBXResourcesBuildPhase;
			buildActionMask = 2147483647;
			files = (
				B57ECC4E1E8B38370087AAF1 /* LaunchScreen.storyboard in Resources */,
				B57334871E906ACB008CEAC0 /* Pacifico-Regular.ttf in Resources */,
				B57ECC4B1E8B38370087AAF1 /* Assets.xcassets in Resources */,
				B57ECC491E8B38370087AAF1 /* Main.storyboard in Resources */,
			);
			runOnlyForDeploymentPostprocessing = 0;
		};
/* End PBXResourcesBuildPhase section */

/* Begin PBXShellScriptBuildPhase section */
		19DAF1FEE112D79DAC4D7744 /* [CP] Embed Pods Frameworks */ = {
			isa = PBXShellScriptBuildPhase;
			buildActionMask = 2147483647;
			files = (
			);
			inputPaths = (
			);
			name = "[CP] Embed Pods Frameworks";
			outputPaths = (
			);
			runOnlyForDeploymentPostprocessing = 0;
			shellPath = /bin/sh;
			shellScript = "\"${SRCROOT}/Pods/Target Support Files/Pods-Simple Synth/Pods-Simple Synth-frameworks.sh\"\n";
			showEnvVarsInLog = 0;
		};
		494BE8BF04B62DC4A3ECA787 /* [CP] Copy Pods Resources */ = {
			isa = PBXShellScriptBuildPhase;
			buildActionMask = 2147483647;
			files = (
			);
			inputPaths = (
			);
			name = "[CP] Copy Pods Resources";
			outputPaths = (
			);
			runOnlyForDeploymentPostprocessing = 0;
			shellPath = /bin/sh;
			shellScript = "\"${SRCROOT}/Pods/Target Support Files/Pods-Simple Synth/Pods-Simple Synth-resources.sh\"\n";
			showEnvVarsInLog = 0;
		};
		CB7C24A776299113B979AE48 /* [CP] Check Pods Manifest.lock */ = {
			isa = PBXShellScriptBuildPhase;
			buildActionMask = 2147483647;
			files = (
			);
			inputPaths = (
			);
			name = "[CP] Check Pods Manifest.lock";
			outputPaths = (
			);
			runOnlyForDeploymentPostprocessing = 0;
			shellPath = /bin/sh;
			shellScript = "diff \"${PODS_ROOT}/../Podfile.lock\" \"${PODS_ROOT}/Manifest.lock\" > /dev/null\nif [ $? != 0 ] ; then\n    # print error to STDERR\n    echo \"error: The sandbox is not in sync with the Podfile.lock. Run 'pod install' or update your CocoaPods installation.\" >&2\n    exit 1\nfi\n";
			showEnvVarsInLog = 0;
		};
/* End PBXShellScriptBuildPhase section */

/* Begin PBXSourcesBuildPhase section */
		B57ECC3C1E8B38370087AAF1 /* Sources */ = {
			isa = PBXSourcesBuildPhase;
			buildActionMask = 2147483647;
			files = (
				B57ECC461E8B38370087AAF1 /* ViewController.swift in Sources */,
				B5A908491E8FFF5000A20505 /* GeneratorBank.swift in Sources */,
				B51E7A141E8CA0180064848B /* Key.swift in Sources */,
				B51E7A111E8C96140064848B /* Colors.swift in Sources */,
				B5D255C61E8C2C9E0079CB0E /* Conductor.swift in Sources */,
				B57ECC441E8B38370087AAF1 /* AppDelegate.swift in Sources */,
			);
			runOnlyForDeploymentPostprocessing = 0;
		};
/* End PBXSourcesBuildPhase section */

/* Begin PBXVariantGroup section */
		B57ECC471E8B38370087AAF1 /* Main.storyboard */ = {
			isa = PBXVariantGroup;
			children = (
				B57ECC481E8B38370087AAF1 /* Base */,
			);
			name = Main.storyboard;
			sourceTree = "<group>";
		};
		B57ECC4C1E8B38370087AAF1 /* LaunchScreen.storyboard */ = {
			isa = PBXVariantGroup;
			children = (
				B57ECC4D1E8B38370087AAF1 /* Base */,
			);
			name = LaunchScreen.storyboard;
			sourceTree = "<group>";
		};
/* End PBXVariantGroup section */

/* Begin XCBuildConfiguration section */
		B57ECC501E8B38370087AAF1 /* Debug */ = {
			isa = XCBuildConfiguration;
			buildSettings = {
				ALWAYS_SEARCH_USER_PATHS = NO;
				CLANG_ANALYZER_NONNULL = YES;
				CLANG_CXX_LANGUAGE_STANDARD = "gnu++0x";
				CLANG_CXX_LIBRARY = "libc++";
				CLANG_ENABLE_MODULES = YES;
				CLANG_ENABLE_OBJC_ARC = YES;
				CLANG_WARN_BOOL_CONVERSION = YES;
				CLANG_WARN_CONSTANT_CONVERSION = YES;
				CLANG_WARN_DIRECT_OBJC_ISA_USAGE = YES_ERROR;
				CLANG_WARN_DOCUMENTATION_COMMENTS = YES;
				CLANG_WARN_EMPTY_BODY = YES;
				CLANG_WARN_ENUM_CONVERSION = YES;
				CLANG_WARN_INFINITE_RECURSION = YES;
				CLANG_WARN_INT_CONVERSION = YES;
				CLANG_WARN_OBJC_ROOT_CLASS = YES_ERROR;
				CLANG_WARN_SUSPICIOUS_MOVE = YES;
				CLANG_WARN_UNREACHABLE_CODE = YES;
				CLANG_WARN__DUPLICATE_METHOD_MATCH = YES;
				"CODE_SIGN_IDENTITY[sdk=iphoneos*]" = "iPhone Developer";
				COPY_PHASE_STRIP = NO;
				DEBUG_INFORMATION_FORMAT = dwarf;
				ENABLE_STRICT_OBJC_MSGSEND = YES;
				ENABLE_TESTABILITY = YES;
				GCC_C_LANGUAGE_STANDARD = gnu99;
				GCC_DYNAMIC_NO_PIC = NO;
				GCC_NO_COMMON_BLOCKS = YES;
				GCC_OPTIMIZATION_LEVEL = 0;
				GCC_PREPROCESSOR_DEFINITIONS = (
					"DEBUG=1",
					"$(inherited)",
				);
				GCC_WARN_64_TO_32_BIT_CONVERSION = YES;
				GCC_WARN_ABOUT_RETURN_TYPE = YES_ERROR;
				GCC_WARN_UNDECLARED_SELECTOR = YES;
				GCC_WARN_UNINITIALIZED_AUTOS = YES_AGGRESSIVE;
				GCC_WARN_UNUSED_FUNCTION = YES;
				GCC_WARN_UNUSED_VARIABLE = YES;
				IPHONEOS_DEPLOYMENT_TARGET = 10.2;
				MTL_ENABLE_DEBUG_INFO = YES;
				ONLY_ACTIVE_ARCH = YES;
				SDKROOT = iphoneos;
				SWIFT_ACTIVE_COMPILATION_CONDITIONS = DEBUG;
				SWIFT_OPTIMIZATION_LEVEL = "-Onone";
			};
			name = Debug;
		};
		B57ECC511E8B38370087AAF1 /* Release */ = {
			isa = XCBuildConfiguration;
			buildSettings = {
				ALWAYS_SEARCH_USER_PATHS = NO;
				CLANG_ANALYZER_NONNULL = YES;
				CLANG_CXX_LANGUAGE_STANDARD = "gnu++0x";
				CLANG_CXX_LIBRARY = "libc++";
				CLANG_ENABLE_MODULES = YES;
				CLANG_ENABLE_OBJC_ARC = YES;
				CLANG_WARN_BOOL_CONVERSION = YES;
				CLANG_WARN_CONSTANT_CONVERSION = YES;
				CLANG_WARN_DIRECT_OBJC_ISA_USAGE = YES_ERROR;
				CLANG_WARN_DOCUMENTATION_COMMENTS = YES;
				CLANG_WARN_EMPTY_BODY = YES;
				CLANG_WARN_ENUM_CONVERSION = YES;
				CLANG_WARN_INFINITE_RECURSION = YES;
				CLANG_WARN_INT_CONVERSION = YES;
				CLANG_WARN_OBJC_ROOT_CLASS = YES_ERROR;
				CLANG_WARN_SUSPICIOUS_MOVE = YES;
				CLANG_WARN_UNREACHABLE_CODE = YES;
				CLANG_WARN__DUPLICATE_METHOD_MATCH = YES;
				"CODE_SIGN_IDENTITY[sdk=iphoneos*]" = "iPhone Developer";
				COPY_PHASE_STRIP = NO;
				DEBUG_INFORMATION_FORMAT = "dwarf-with-dsym";
				ENABLE_NS_ASSERTIONS = NO;
				ENABLE_STRICT_OBJC_MSGSEND = YES;
				GCC_C_LANGUAGE_STANDARD = gnu99;
				GCC_NO_COMMON_BLOCKS = YES;
				GCC_WARN_64_TO_32_BIT_CONVERSION = YES;
				GCC_WARN_ABOUT_RETURN_TYPE = YES_ERROR;
				GCC_WARN_UNDECLARED_SELECTOR = YES;
				GCC_WARN_UNINITIALIZED_AUTOS = YES_AGGRESSIVE;
				GCC_WARN_UNUSED_FUNCTION = YES;
				GCC_WARN_UNUSED_VARIABLE = YES;
				IPHONEOS_DEPLOYMENT_TARGET = 10.2;
				MTL_ENABLE_DEBUG_INFO = NO;
				SDKROOT = iphoneos;
				SWIFT_OPTIMIZATION_LEVEL = "-Owholemodule";
				VALIDATE_PRODUCT = YES;
			};
			name = Release;
		};
		B57ECC531E8B38370087AAF1 /* Debug */ = {
			isa = XCBuildConfiguration;
			baseConfigurationReference = C2430570CC26FF51F2331BE6 /* Pods-Simple Synth.debug.xcconfig */;
			buildSettings = {
				ASSETCATALOG_COMPILER_APPICON_NAME = AppIcon;
				"CODE_SIGN_IDENTITY[sdk=iphoneos*]" = "iPhone Developer";
				DEVELOPMENT_TEAM = SRFS2YY3XR;
				INFOPLIST_FILE = "Simple Synth/Info.plist";
				LD_RUNPATH_SEARCH_PATHS = "$(inherited) @executable_path/Frameworks";
				PRODUCT_BUNDLE_IDENTIFIER = com.burningflowers.;
				PRODUCT_NAME = "$(TARGET_NAME)";
				PROVISIONING_PROFILE_SPECIFIER = "";
				SWIFT_VERSION = 3.0;
				TARGETED_DEVICE_FAMILY = 1;
			};
			name = Debug;
		};
		B57ECC541E8B38370087AAF1 /* Release */ = {
			isa = XCBuildConfiguration;
			baseConfigurationReference = 8D573CBB5F8850799046751A /* Pods-Simple Synth.release.xcconfig */;
			buildSettings = {
				ASSETCATALOG_COMPILER_APPICON_NAME = AppIcon;
				"CODE_SIGN_IDENTITY[sdk=iphoneos*]" = "iPhone Developer";
				DEVELOPMENT_TEAM = SRFS2YY3XR;
				INFOPLIST_FILE = "Simple Synth/Info.plist";
				LD_RUNPATH_SEARCH_PATHS = "$(inherited) @executable_path/Frameworks";
				PRODUCT_BUNDLE_IDENTIFIER = com.burningflowers.;
				PRODUCT_NAME = "$(TARGET_NAME)";
				PROVISIONING_PROFILE_SPECIFIER = "";
				SWIFT_VERSION = 3.0;
				TARGETED_DEVICE_FAMILY = 1;
			};
			name = Release;
		};
/* End XCBuildConfiguration section */

/* Begin XCConfigurationList section */
		B57ECC3B1E8B38370087AAF1 /* Build configuration list for PBXProject "Simple Synth" */ = {
			isa = XCConfigurationList;
			buildConfigurations = (
				B57ECC501E8B38370087AAF1 /* Debug */,
				B57ECC511E8B38370087AAF1 /* Release */,
			);
			defaultConfigurationIsVisible = 0;
			defaultConfigurationName = Release;
		};
		B57ECC521E8B38370087AAF1 /* Build configuration list for PBXNativeTarget "Simple Synth" */ = {
			isa = XCConfigurationList;
			buildConfigurations = (
				B57ECC531E8B38370087AAF1 /* Debug */,
				B57ECC541E8B38370087AAF1 /* Release */,
			);
			defaultConfigurationIsVisible = 0;
			defaultConfigurationName = Release;
		};
/* End XCConfigurationList section */
	};
	rootObject = B57ECC381E8B38370087AAF1 /* Project object */;
}
